
Microsoft Visual Studio Solution File, Format Version 12.00
# Visual Studio Version 17
VisualStudioVersion = 17.7.34031.279
MinimumVisualStudioVersion = 10.0.40219.1
Project("{FAE04EC0-301F-11D3-BF4B-00C04F79EFBC}") = "Circle_ex1_lb2", "Circle_ex1_lb2\Circle_ex1_lb2.csproj", "{FFBEA251-90B7-44FD-9F2C-402B6FA18C10}"
EndProject
Project("{FAE04EC0-301F-11D3-BF4B-00C04F79EFBC}") = "Ar_Class_ex2_lb2", "Ar_Class_ex2_lb2\Ar_Class_ex2_lb2.csproj", "{BC1518EA-F9DE-41F2-9615-CC636747CA8F}"
EndProject
Global
	GlobalSection(SolutionConfigurationPlatforms) = preSolution
		Debug|Any CPU = Debug|Any CPU
		Release|Any CPU = Release|Any CPU
	EndGlobalSection
	GlobalSection(ProjectConfigurationPlatforms) = postSolution
		{FFBEA251-90B7-44FD-9F2C-402B6FA18C10}.Debug|Any CPU.ActiveCfg = Debug|Any CPU
		{FFBEA251-90B7-44FD-9F2C-402B6FA18C10}.Debug|Any CPU.Build.0 = Debug|Any CPU
		{FFBEA251-90B7-44FD-9F2C-402B6FA18C10}.Release|Any CPU.ActiveCfg = Release|Any CPU
		{FFBEA251-90B7-44FD-9F2C-402B6FA18C10}.Release|Any CPU.Build.0 = Release|Any CPU
		{BC1518EA-F9DE-41F2-9615-CC636747CA8F}.Debug|Any CPU.ActiveCfg = Debug|Any CPU
		{BC1518EA-F9DE-41F2-9615-CC636747CA8F}.Debug|Any CPU.Build.0 = Debug|Any CPU
		{BC1518EA-F9DE-41F2-9615-CC636747CA8F}.Release|Any CPU.ActiveCfg = Release|Any CPU
		{BC1518EA-F9DE-41F2-9615-CC636747CA8F}.Release|Any CPU.Build.0 = Release|Any CPU
	EndGlobalSection
	GlobalSection(SolutionProperties) = preSolution
		HideSolutionNode = FALSE
	EndGlobalSection
	GlobalSection(ExtensibilityGlobals) = postSolution
		SolutionGuid = {8168E08B-8B96-47D7-B94B-714900C24902}
	EndGlobalSection
EndGlobal
